PODS:
  - CSNotificationView (0.5.1):
    - ReactiveCocoa (~> 2.3.1)
  - ReactiveCocoa (2.3.1):
    - ReactiveCocoa/UI
  - ReactiveCocoa/Core (2.3.1):
    - ReactiveCocoa/no-arc
  - ReactiveCocoa/no-arc (2.3.1)
  - ReactiveCocoa/UI (2.3.1):
    - ReactiveCocoa/Core
  - XCTAsyncTestCase (0.1.0)

DEPENDENCIES:
  - CSNotificationView (from `../CSNotificationView.podspec`)
  - ReactiveCocoa (~> 2.3.1)
  - XCTAsyncTestCase (~> 0.1.0)

EXTERNAL SOURCES:
  CSNotificationView:
    :path: ../CSNotificationView.podspec

SPEC CHECKSUMS:
  CSNotificationView: e97c77c1703da0cf8e5cc4b85eea1b3a7842db86
  ReactiveCocoa: dca75777b9d18990c8714a3a6f2149f29b4d1462
  XCTAsyncTestCase: 05c35ff59afc379911544e7452d48af186c9c5a2

COCOAPODS: 0.34.1
