PODS:
  - CSNotificationView (0.5.4)

DEPENDENCIES:
  - CSNotificationView (from `../`)

EXTERNAL SOURCES:
  CSNotificationView:
    :path: "../"

SPEC CHECKSUMS:
  CSNotificationView: 24c2825b3e36f4ce77c87528f49ea51436614184

PODFILE CHECKSUM: f4fddefb75e9a100b7ba088b458a9380505e17e4

COCOAPODS: 1.5.3
